
Microsoft Visual Studio Solution File, Format Version 12.00
# Visual Studio Version 16
VisualStudioVersion = 16.0.31005.135
MinimumVisualStudioVersion = 10.0.40219.1
Project("{9A19103F-16F7-4668-BE54-9A1E7A4F7556}") = "Inventory", "Inventory.csproj", "{D579034B-EAB5-4ECC-9AD5-6BF0ED17920C}"
EndProject
Global
	GlobalSection(SolutionConfigurationPlatforms) = preSolution
		Debug|Any CPU = Debug|Any CPU
		Release|Any CPU = Release|Any CPU
	EndGlobalSection
	GlobalSection(ProjectConfigurationPlatforms) = postSolution
		{D579034B-EAB5-4ECC-9AD5-6BF0ED17920C}.Debug|Any CPU.ActiveCfg = Debug|Any CPU
		{D579034B-EAB5-4ECC-9AD5-6BF0ED17920C}.Debug|Any CPU.Build.0 = Debug|Any CPU
		{D579034B-EAB5-4ECC-9AD5-6BF0ED17920C}.Release|Any CPU.ActiveCfg = Release|Any CPU
		{D579034B-EAB5-4ECC-9AD5-6BF0ED17920C}.Release|Any CPU.Build.0 = Release|Any CPU
	EndGlobalSection
	GlobalSection(SolutionProperties) = preSolution
		HideSolutionNode = FALSE
	EndGlobalSection
	GlobalSection(ExtensibilityGlobals) = postSolution
		SolutionGuid = {E9CE4410-981F-468E-AAFB-DB2229E1F4E9}
	EndGlobalSection
EndGlobal
